
Microsoft Visual Studio Solution File, Format Version 12.00
# Visual Studio Version 17
VisualStudioVersion = 17.3.32811.315
MinimumVisualStudioVersion = 10.0.40219.1
Project("{9A19103F-16F7-4668-BE54-9A1E7A4F7556}") = "HushClient", "HushClient\HushClient.csproj", "{EBFA8512-1EA5-4D8C-B4AC-AB5B48A6D568}"
EndProject
Project("{9A19103F-16F7-4668-BE54-9A1E7A4F7556}") = "HushClient.Desktop", "HushClient.Desktop\HushClient.Desktop.csproj", "{ABC31E74-02FF-46EB-B3B2-4E6AE43B456C}"
EndProject
Project("{2150E333-8FDC-42A3-9474-1A3956D46DE8}") = "Solution Items", "Solution Items", "{3DA99C4E-89E3-4049-9C22-0A7EC60D83D8}"
	ProjectSection(SolutionItems) = preProject
		Directory.Build.props = Directory.Build.props
	EndProjectSection
EndProject
Project("{2150E333-8FDC-42A3-9474-1A3956D46DE8}") = "Modules", "Modules", "{8B07C552-71D9-4203-8E02-9D46C478AE6B}"
EndProject
Project("{FAE04EC0-301F-11D3-BF4B-00C04F79EFBC}") = "BootstrapperManager", "Modules\Olimpo.BootstrapperManager\BootstrapperManager.csproj", "{9ECC225F-A930-444B-9F80-9064180D3F92}"
EndProject
Project("{FAE04EC0-301F-11D3-BF4B-00C04F79EFBC}") = "EncryptingManager", "Modules\Olimpo.EncryptingManager\EncryptingManager.csproj", "{2307086F-9562-4F87-B988-BE50F44D35C7}"
EndProject
Project("{FAE04EC0-301F-11D3-BF4B-00C04F79EFBC}") = "EventAggregatorManager", "Modules\Olimpo.EventAggregatorManager\EventAggregatorManager.csproj", "{81F73380-6E99-4B48-A201-07C620C74754}"
EndProject
Project("{FAE04EC0-301F-11D3-BF4B-00C04F79EFBC}") = "SigningManager", "Modules\Olimpo.SigningManager\SigningManager.csproj", "{D72CCBC5-BEE3-43B0-A959-4E7A548C80F7}"
EndProject
Project("{2150E333-8FDC-42A3-9474-1A3956D46DE8}") = "Olimpo.NavigationManager", "Olimpo.NavigationManager", "{6C236041-9785-414A-AE20-45FE2DEB7F5A}"
EndProject
Project("{FAE04EC0-301F-11D3-BF4B-00C04F79EFBC}") = "Olimpo.NavigationManager", "Modules\Olimpo.NavigationManager\Olimpo.NavigationManager\Olimpo.NavigationManager.csproj", "{235EEA77-31C0-478B-A5FC-6D73B91DC356}"
EndProject
Project("{FAE04EC0-301F-11D3-BF4B-00C04F79EFBC}") = "Olimpo.TcpClientManager", "Modules\Olimpo.TcpClientManager\Olimpo.TcpClientManager.csproj", "{AA2CBD4C-3590-4A1B-AAE2-2C32219C2EC7}"
EndProject
Project("{2150E333-8FDC-42A3-9474-1A3956D46DE8}") = "Services", "Services", "{0A2DF6C4-C8F4-4958-9833-875B948C14A3}"
EndProject
Project("{FAE04EC0-301F-11D3-BF4B-00C04F79EFBC}") = "HushClient.TcpClientService", "Services\HushClient.TcpClient\HushClient.TcpClientService.csproj", "{5180F3F0-366D-47A8-A425-77DCF7008D48}"
EndProject
Project("{FAE04EC0-301F-11D3-BF4B-00C04F79EFBC}") = "HushClient.ApplicationSettings", "Services\HushClient.ApplicationSettings\HushClient.ApplicationSettings.csproj", "{6B8E6B3B-65F6-4011-BBCA-C9B024118EEC}"
EndProject
Global
	GlobalSection(SolutionConfigurationPlatforms) = preSolution
		Debug|Any CPU = Debug|Any CPU
		Release|Any CPU = Release|Any CPU
	EndGlobalSection
	GlobalSection(ProjectConfigurationPlatforms) = postSolution
		{EBFA8512-1EA5-4D8C-B4AC-AB5B48A6D568}.Debug|Any CPU.ActiveCfg = Debug|Any CPU
		{EBFA8512-1EA5-4D8C-B4AC-AB5B48A6D568}.Debug|Any CPU.Build.0 = Debug|Any CPU
		{EBFA8512-1EA5-4D8C-B4AC-AB5B48A6D568}.Release|Any CPU.ActiveCfg = Release|Any CPU
		{EBFA8512-1EA5-4D8C-B4AC-AB5B48A6D568}.Release|Any CPU.Build.0 = Release|Any CPU
		{ABC31E74-02FF-46EB-B3B2-4E6AE43B456C}.Debug|Any CPU.ActiveCfg = Debug|Any CPU
		{ABC31E74-02FF-46EB-B3B2-4E6AE43B456C}.Debug|Any CPU.Build.0 = Debug|Any CPU
		{ABC31E74-02FF-46EB-B3B2-4E6AE43B456C}.Release|Any CPU.ActiveCfg = Release|Any CPU
		{ABC31E74-02FF-46EB-B3B2-4E6AE43B456C}.Release|Any CPU.Build.0 = Release|Any CPU
		{9ECC225F-A930-444B-9F80-9064180D3F92}.Debug|Any CPU.ActiveCfg = Debug|Any CPU
		{9ECC225F-A930-444B-9F80-9064180D3F92}.Debug|Any CPU.Build.0 = Debug|Any CPU
		{9ECC225F-A930-444B-9F80-9064180D3F92}.Release|Any CPU.ActiveCfg = Release|Any CPU
		{9ECC225F-A930-444B-9F80-9064180D3F92}.Release|Any CPU.Build.0 = Release|Any CPU
		{2307086F-9562-4F87-B988-BE50F44D35C7}.Debug|Any CPU.ActiveCfg = Debug|Any CPU
		{2307086F-9562-4F87-B988-BE50F44D35C7}.Debug|Any CPU.Build.0 = Debug|Any CPU
		{2307086F-9562-4F87-B988-BE50F44D35C7}.Release|Any CPU.ActiveCfg = Release|Any CPU
		{2307086F-9562-4F87-B988-BE50F44D35C7}.Release|Any CPU.Build.0 = Release|Any CPU
		{81F73380-6E99-4B48-A201-07C620C74754}.Debug|Any CPU.ActiveCfg = Debug|Any CPU
		{81F73380-6E99-4B48-A201-07C620C74754}.Debug|Any CPU.Build.0 = Debug|Any CPU
		{81F73380-6E99-4B48-A201-07C620C74754}.Release|Any CPU.ActiveCfg = Release|Any CPU
		{81F73380-6E99-4B48-A201-07C620C74754}.Release|Any CPU.Build.0 = Release|Any CPU
		{D72CCBC5-BEE3-43B0-A959-4E7A548C80F7}.Debug|Any CPU.ActiveCfg = Debug|Any CPU
		{D72CCBC5-BEE3-43B0-A959-4E7A548C80F7}.Debug|Any CPU.Build.0 = Debug|Any CPU
		{D72CCBC5-BEE3-43B0-A959-4E7A548C80F7}.Release|Any CPU.ActiveCfg = Release|Any CPU
		{D72CCBC5-BEE3-43B0-A959-4E7A548C80F7}.Release|Any CPU.Build.0 = Release|Any CPU
		{235EEA77-31C0-478B-A5FC-6D73B91DC356}.Debug|Any CPU.ActiveCfg = Debug|Any CPU
		{235EEA77-31C0-478B-A5FC-6D73B91DC356}.Debug|Any CPU.Build.0 = Debug|Any CPU
		{235EEA77-31C0-478B-A5FC-6D73B91DC356}.Release|Any CPU.ActiveCfg = Release|Any CPU
		{235EEA77-31C0-478B-A5FC-6D73B91DC356}.Release|Any CPU.Build.0 = Release|Any CPU
		{AA2CBD4C-3590-4A1B-AAE2-2C32219C2EC7}.Debug|Any CPU.ActiveCfg = Debug|Any CPU
		{AA2CBD4C-3590-4A1B-AAE2-2C32219C2EC7}.Debug|Any CPU.Build.0 = Debug|Any CPU
		{AA2CBD4C-3590-4A1B-AAE2-2C32219C2EC7}.Release|Any CPU.ActiveCfg = Release|Any CPU
		{AA2CBD4C-3590-4A1B-AAE2-2C32219C2EC7}.Release|Any CPU.Build.0 = Release|Any CPU
		{5180F3F0-366D-47A8-A425-77DCF7008D48}.Debug|Any CPU.ActiveCfg = Debug|Any CPU
		{5180F3F0-366D-47A8-A425-77DCF7008D48}.Debug|Any CPU.Build.0 = Debug|Any CPU
		{5180F3F0-366D-47A8-A425-77DCF7008D48}.Release|Any CPU.ActiveCfg = Release|Any CPU
		{5180F3F0-366D-47A8-A425-77DCF7008D48}.Release|Any CPU.Build.0 = Release|Any CPU
		{6B8E6B3B-65F6-4011-BBCA-C9B024118EEC}.Debug|Any CPU.ActiveCfg = Debug|Any CPU
		{6B8E6B3B-65F6-4011-BBCA-C9B024118EEC}.Debug|Any CPU.Build.0 = Debug|Any CPU
		{6B8E6B3B-65F6-4011-BBCA-C9B024118EEC}.Release|Any CPU.ActiveCfg = Release|Any CPU
		{6B8E6B3B-65F6-4011-BBCA-C9B024118EEC}.Release|Any CPU.Build.0 = Release|Any CPU
	EndGlobalSection
	GlobalSection(SolutionProperties) = preSolution
		HideSolutionNode = FALSE
	EndGlobalSection
	GlobalSection(ExtensibilityGlobals) = postSolution
		SolutionGuid = {83CB65B8-011F-4ED7-BCD3-A6CFA935EF7E}
	EndGlobalSection
	GlobalSection(NestedProjects) = preSolution
		{9ECC225F-A930-444B-9F80-9064180D3F92} = {8B07C552-71D9-4203-8E02-9D46C478AE6B}
		{2307086F-9562-4F87-B988-BE50F44D35C7} = {8B07C552-71D9-4203-8E02-9D46C478AE6B}
		{81F73380-6E99-4B48-A201-07C620C74754} = {8B07C552-71D9-4203-8E02-9D46C478AE6B}
		{D72CCBC5-BEE3-43B0-A959-4E7A548C80F7} = {8B07C552-71D9-4203-8E02-9D46C478AE6B}
		{6C236041-9785-414A-AE20-45FE2DEB7F5A} = {8B07C552-71D9-4203-8E02-9D46C478AE6B}
		{235EEA77-31C0-478B-A5FC-6D73B91DC356} = {6C236041-9785-414A-AE20-45FE2DEB7F5A}
		{AA2CBD4C-3590-4A1B-AAE2-2C32219C2EC7} = {8B07C552-71D9-4203-8E02-9D46C478AE6B}
		{5180F3F0-366D-47A8-A425-77DCF7008D48} = {0A2DF6C4-C8F4-4958-9833-875B948C14A3}
		{6B8E6B3B-65F6-4011-BBCA-C9B024118EEC} = {0A2DF6C4-C8F4-4958-9833-875B948C14A3}
	EndGlobalSection
EndGlobal
